<?xml version="1.0" encoding="utf-8"?>
<Project ToolsVersion="4.0" xmlns="http://schemas.microsoft.com/developer/msbuild/2003">
  <ItemGroup>
    <Filter Include="源文件">
      <UniqueIdentifier>{4FC737F1-C7A5-4376-A066-2A32D752A2FF}</UniqueIdentifier>
      <Extensions>cpp;c;cc;cxx;def;odl;idl;hpj;bat;asm;asmx</Extensions>
    </Filter>
    <Filter Include="头文件">
      <UniqueIdentifier>{93995380-89BD-4b04-88EB-625FBE52EBFB}</UniqueIdentifier>
      <Extensions>h;hh;hpp;hxx;hm;inl;inc;xsd</Extensions>
    </Filter>
    <Filter Include="资源文件">
      <UniqueIdentifier>{67DA6AB6-F800-4c08-8B7A-83BB121AAD01}</UniqueIdentifier>
      <Extensions>rc;ico;cur;bmp;dlg;rc2;rct;bin;rgs;gif;jpg;jpeg;jpe;resx;tiff;tif;png;wav;mfcribbon-ms</Extensions>
    </Filter>
    <Filter Include="image">
      <UniqueIdentifier>{495cc694-6a58-4a17-b5cb-e7a473b7a91d}</UniqueIdentifier>
    </Filter>
    <Filter Include="dlib">
      <UniqueIdentifier>{8324bec9-78a3-4487-b373-c9000cac9c81}</UniqueIdentifier>
    </Filter>
    <Filter Include="Debug">
      <UniqueIdentifier>{9d912232-2964-4180-85cb-c911d9515f3f}</UniqueIdentifier>
    </Filter>
    <Filter Include="Debug\skin">
      <UniqueIdentifier>{8a55eebf-d735-4fd4-98d7-250c233822f4}</UniqueIdentifier>
    </Filter>
    <Filter Include="Debug\locales">
      <UniqueIdentifier>{4978ffef-545d-4867-a2ee-6a180316f179}</UniqueIdentifier>
    </Filter>
  </ItemGroup>
  <ItemGroup>
    <Text Include="ReadMe.txt" />
  </ItemGroup>
  <ItemGroup>
    <ClInclude Include="stdafx.h">
      <Filter>头文件</Filter>
    </ClInclude>
    <ClInclude Include="targetver.h">
      <Filter>头文件</Filter>
    </ClInclude>
    <ClInclude Include="Resource.h">
      <Filter>头文件</Filter>
    </ClInclude>
    <ClInclude Include="win.h">
      <Filter>头文件</Filter>
    </ClInclude>
    <ClInclude Include="MainWnd.h">
      <Filter>头文件</Filter>
    </ClInclude>
    <ClInclude Include="Tool.h">
      <Filter>头文件</Filter>
    </ClInclude>
    <ClInclude Include="Global.h">
      <Filter>头文件</Filter>
    </ClInclude>
    <ClInclude Include="Draw.h">
      <Filter>头文件</Filter>
    </ClInclude>
    <ClInclude Include="OwnerDrawMenu.h">
      <Filter>头文件</Filter>
    </ClInclude>
    <ClInclude Include="ClientRect.h">
      <Filter>头文件</Filter>
    </ClInclude>
    <ClInclude Include="WindowRect.h">
      <Filter>头文件</Filter>
    </ClInclude>
    <ClInclude Include="stCef.h">
      <Filter>头文件</Filter>
    </ClInclude>
    <ClInclude Include="ContainerConUI.h">
      <Filter>头文件</Filter>
    </ClInclude>
    <ClInclude Include="util.h">
      <Filter>头文件</Filter>
    </ClInclude>
    <ClInclude Include="CefClientHandler.h">
      <Filter>头文件</Filter>
    </ClInclude>
    <ClInclude Include="CefClientApp.h">
      <Filter>头文件</Filter>
    </ClInclude>
  </ItemGroup>
  <ItemGroup>
    <ClCompile Include="stdafx.cpp">
      <Filter>源文件</Filter>
    </ClCompile>
    <ClCompile Include="MainWnd.cpp">
      <Filter>源文件</Filter>
    </ClCompile>
    <ClCompile Include="Tool.cpp">
      <Filter>源文件</Filter>
    </ClCompile>
    <ClCompile Include="Global.cpp">
      <Filter>源文件</Filter>
    </ClCompile>
    <ClCompile Include="Draw.cpp">
      <Filter>源文件</Filter>
    </ClCompile>
    <ClCompile Include="ClientRect.cpp">
      <Filter>源文件</Filter>
    </ClCompile>
    <ClCompile Include="WindowRect.cpp">
      <Filter>源文件</Filter>
    </ClCompile>
    <ClCompile Include="stCef.cpp">
      <Filter>源文件</Filter>
    </ClCompile>
    <ClCompile Include="ContainerConUI.cpp">
      <Filter>源文件</Filter>
    </ClCompile>
    <ClCompile Include="CefClientHandler.cpp">
      <Filter>源文件</Filter>
    </ClCompile>
    <ClCompile Include="CefClientApp.cpp">
      <Filter>源文件</Filter>
    </ClCompile>
  </ItemGroup>
  <ItemGroup>
    <ResourceCompile Include="stCef.rc">
      <Filter>资源文件</Filter>
    </ResourceCompile>
  </ItemGroup>
  <ItemGroup>
    <Image Include="small.ico">
      <Filter>资源文件</Filter>
    </Image>
    <Image Include="stCef.ico">
      <Filter>资源文件</Filter>
    </Image>
  </ItemGroup>
  <ItemGroup>
    <None Include="images\menu.png">
      <Filter>资源文件</Filter>
    </None>
    <None Include="images\menumark.png">
      <Filter>资源文件</Filter>
    </None>
    <None Include="images\AddFile.exe">
      <Filter>image</Filter>
    </None>
    <None Include="images\buttons.png">
      <Filter>image</Filter>
    </None>
    <None Include="images\little.png">
      <Filter>image</Filter>
    </None>
    <None Include="images\main.xml">
      <Filter>image</Filter>
    </None>
    <None Include="images\x.ini">
      <Filter>image</Filter>
    </None>
    <None Include="..\Debug\cef.pak">
      <Filter>Debug</Filter>
    </None>
    <None Include="..\Debug\icudt.dll">
      <Filter>Debug</Filter>
    </None>
    <None Include="..\Debug\libcef.dll">
      <Filter>Debug</Filter>
    </None>
    <None Include="..\Debug\locales\zh-CN.pak">
      <Filter>Debug\locales</Filter>
    </None>
    <None Include="..\Debug\skin\skin.sk">
      <Filter>Debug\skin</Filter>
    </None>
  </ItemGroup>
  <ItemGroup>
    <Library Include="..\dlib\libcef.lib">
      <Filter>dlib</Filter>
    </Library>
    <Library Include="..\dlib\libcef_dll_wrapper.lib">
      <Filter>dlib</Filter>
    </Library>
    <Library Include="..\dlib\UILIB_LIB.lib">
      <Filter>dlib</Filter>
    </Library>
  </ItemGroup>
</Project>