
Microsoft Visual Studio Solution File, Format Version 11.00
# Visual Studio 2010
Project("{8BC9CEB8-8B4A-11D0-8D11-00A0C91BC942}") = "UILIB_LIB", "UILIB_LIB.vcxproj", "{BA5EFFDD-50AA-4B55-9DDC-1D2FBD456BF0}"
EndProject
Project("{8BC9CEB8-8B4A-11D0-8D11-00A0C91BC942}") = "test", "..\test\test.vcproj", "{2701EEEF-9F56-4BFE-A1D3-763360824534}"
EndProject
Global
	GlobalSection(SolutionConfigurationPlatforms) = preSolution
		Debug|Win32 = Debug|Win32
		Release|Win32 = Release|Win32
	EndGlobalSection
	GlobalSection(ProjectConfigurationPlatforms) = postSolution
		{BA5EFFDD-50AA-4B55-9DDC-1D2FBD456BF0}.Debug|Win32.ActiveCfg = Debug|Win32
		{BA5EFFDD-50AA-4B55-9DDC-1D2FBD456BF0}.Debug|Win32.Build.0 = Debug|Win32
		{BA5EFFDD-50AA-4B55-9DDC-1D2FBD456BF0}.Release|Win32.ActiveCfg = Release|Win32
		{BA5EFFDD-50AA-4B55-9DDC-1D2FBD456BF0}.Release|Win32.Build.0 = Release|Win32
		{2701EEEF-9F56-4BFE-A1D3-763360824534}.Debug|Win32.ActiveCfg = Debug|Win32
		{2701EEEF-9F56-4BFE-A1D3-763360824534}.Debug|Win32.Build.0 = Debug|Win32
		{2701EEEF-9F56-4BFE-A1D3-763360824534}.Release|Win32.ActiveCfg = Release|Win32
		{2701EEEF-9F56-4BFE-A1D3-763360824534}.Release|Win32.Build.0 = Release|Win32
	EndGlobalSection
	GlobalSection(SolutionProperties) = preSolution
		HideSolutionNode = FALSE
	EndGlobalSection
EndGlobal
